
Microsoft Visual Studio Solution File, Format Version 12.00
# Visual Studio Version 16
VisualStudioVersion = 16.0.31729.503
MinimumVisualStudioVersion = 10.0.40219.1
Project("{FAE04EC0-301F-11D3-BF4B-00C04F79EFBC}") = "Simple Remote Desktop", "Simple Remote Desktop.csproj", "{A169FB11-54DE-41AC-98A7-2F64186881C9}"
EndProject
Global
	GlobalSection(SolutionConfigurationPlatforms) = preSolution
		Debug|Any CPU = Debug|Any CPU
		Release|Any CPU = Release|Any CPU
	EndGlobalSection
	GlobalSection(ProjectConfigurationPlatforms) = postSolution
		{A169FB11-54DE-41AC-98A7-2F64186881C9}.Debug|Any CPU.ActiveCfg = Debug|Any CPU
		{A169FB11-54DE-41AC-98A7-2F64186881C9}.Debug|Any CPU.Build.0 = Debug|Any CPU
		{A169FB11-54DE-41AC-98A7-2F64186881C9}.Release|Any CPU.ActiveCfg = Release|Any CPU
		{A169FB11-54DE-41AC-98A7-2F64186881C9}.Release|Any CPU.Build.0 = Release|Any CPU
	EndGlobalSection
	GlobalSection(SolutionProperties) = preSolution
		HideSolutionNode = FALSE
	EndGlobalSection
	GlobalSection(ExtensibilityGlobals) = postSolution
		SolutionGuid = {79F6EBFA-8CC4-4422-90E8-F2DBF151726B}
	EndGlobalSection
EndGlobal
